
Microsoft Visual Studio Solution File, Format Version 12.00
# Visual Studio Version 17
VisualStudioVersion = 17.10.34928.147
MinimumVisualStudioVersion = 10.0.40219.1
Project("{9A19103F-16F7-4668-BE54-9A1E7A4F7556}") = "ATMProject.WindowsConsoleApplication", "ATMProject\ATMProject.WindowsConsoleApplication.csproj", "{95D9BB52-7A76-486B-9817-73F38803620D}"
	ProjectSection(ProjectDependencies) = postProject
		{0AC631BC-62EA-4BB3-A267-99458BD05ACB} = {0AC631BC-62EA-4BB3-A267-99458BD05ACB}
		{2BD326D1-AA4A-4BAA-8B13-4C36CC3D6BFC} = {2BD326D1-AA4A-4BAA-8B13-4C36CC3D6BFC}
		{4FF1293D-39C0-42B2-9CB1-F5DCB2A35096} = {4FF1293D-39C0-42B2-9CB1-F5DCB2A35096}
		{5B74B98A-D279-4568-8CF0-63261B5FF57C} = {5B74B98A-D279-4568-8CF0-63261B5FF57C}
	EndProjectSection
EndProject
Project("{FAE04EC0-301F-11D3-BF4B-00C04F79EFBC}") = "ATMProject.Application", "ATMProject.Application\ATMProject.Application.csproj", "{2BD326D1-AA4A-4BAA-8B13-4C36CC3D6BFC}"
	ProjectSection(ProjectDependencies) = postProject
		{0AC631BC-62EA-4BB3-A267-99458BD05ACB} = {0AC631BC-62EA-4BB3-A267-99458BD05ACB}
		{4FF1293D-39C0-42B2-9CB1-F5DCB2A35096} = {4FF1293D-39C0-42B2-9CB1-F5DCB2A35096}
	EndProjectSection
EndProject
Project("{FAE04EC0-301F-11D3-BF4B-00C04F79EFBC}") = "ATMProject.Banking", "ATMProject.Banking\ATMProject.Banking.csproj", "{0AC631BC-62EA-4BB3-A267-99458BD05ACB}"
EndProject
Project("{FAE04EC0-301F-11D3-BF4B-00C04F79EFBC}") = "ATMProject.Composition", "ATMProject.Composition\ATMProject.Composition.csproj", "{4FF1293D-39C0-42B2-9CB1-F5DCB2A35096}"
	ProjectSection(ProjectDependencies) = postProject
		{0AC631BC-62EA-4BB3-A267-99458BD05ACB} = {0AC631BC-62EA-4BB3-A267-99458BD05ACB}
	EndProjectSection
EndProject
Project("{FAE04EC0-301F-11D3-BF4B-00C04F79EFBC}") = "ATMProject.Data", "ATMProject.Data\ATMProject.Data.csproj", "{5B74B98A-D279-4568-8CF0-63261B5FF57C}"
	ProjectSection(ProjectDependencies) = postProject
		{0AC631BC-62EA-4BB3-A267-99458BD05ACB} = {0AC631BC-62EA-4BB3-A267-99458BD05ACB}
		{2BD326D1-AA4A-4BAA-8B13-4C36CC3D6BFC} = {2BD326D1-AA4A-4BAA-8B13-4C36CC3D6BFC}
		{4FF1293D-39C0-42B2-9CB1-F5DCB2A35096} = {4FF1293D-39C0-42B2-9CB1-F5DCB2A35096}
	EndProjectSection
EndProject
Project("{FAE04EC0-301F-11D3-BF4B-00C04F79EFBC}") = "ATMProject.System", "ATMProject.System\ATMProject.System.csproj", "{04BBBF01-10EE-4195-A80C-494782377DD9}"
	ProjectSection(ProjectDependencies) = postProject
		{0AC631BC-62EA-4BB3-A267-99458BD05ACB} = {0AC631BC-62EA-4BB3-A267-99458BD05ACB}
		{2BD326D1-AA4A-4BAA-8B13-4C36CC3D6BFC} = {2BD326D1-AA4A-4BAA-8B13-4C36CC3D6BFC}
		{4FF1293D-39C0-42B2-9CB1-F5DCB2A35096} = {4FF1293D-39C0-42B2-9CB1-F5DCB2A35096}
		{5B74B98A-D279-4568-8CF0-63261B5FF57C} = {5B74B98A-D279-4568-8CF0-63261B5FF57C}
		{95D9BB52-7A76-486B-9817-73F38803620D} = {95D9BB52-7A76-486B-9817-73F38803620D}
	EndProjectSection
EndProject
Global
	GlobalSection(SolutionConfigurationPlatforms) = preSolution
		Debug|Any CPU = Debug|Any CPU
		Release|Any CPU = Release|Any CPU
	EndGlobalSection
	GlobalSection(ProjectConfigurationPlatforms) = postSolution
		{95D9BB52-7A76-486B-9817-73F38803620D}.Debug|Any CPU.ActiveCfg = Debug|Any CPU
		{95D9BB52-7A76-486B-9817-73F38803620D}.Debug|Any CPU.Build.0 = Debug|Any CPU
		{95D9BB52-7A76-486B-9817-73F38803620D}.Release|Any CPU.ActiveCfg = Release|Any CPU
		{95D9BB52-7A76-486B-9817-73F38803620D}.Release|Any CPU.Build.0 = Release|Any CPU
		{2BD326D1-AA4A-4BAA-8B13-4C36CC3D6BFC}.Debug|Any CPU.ActiveCfg = Debug|Any CPU
		{2BD326D1-AA4A-4BAA-8B13-4C36CC3D6BFC}.Debug|Any CPU.Build.0 = Debug|Any CPU
		{2BD326D1-AA4A-4BAA-8B13-4C36CC3D6BFC}.Release|Any CPU.ActiveCfg = Release|Any CPU
		{2BD326D1-AA4A-4BAA-8B13-4C36CC3D6BFC}.Release|Any CPU.Build.0 = Release|Any CPU
		{0AC631BC-62EA-4BB3-A267-99458BD05ACB}.Debug|Any CPU.ActiveCfg = Debug|Any CPU
		{0AC631BC-62EA-4BB3-A267-99458BD05ACB}.Debug|Any CPU.Build.0 = Debug|Any CPU
		{0AC631BC-62EA-4BB3-A267-99458BD05ACB}.Release|Any CPU.ActiveCfg = Release|Any CPU
		{0AC631BC-62EA-4BB3-A267-99458BD05ACB}.Release|Any CPU.Build.0 = Release|Any CPU
		{4FF1293D-39C0-42B2-9CB1-F5DCB2A35096}.Debug|Any CPU.ActiveCfg = Debug|Any CPU
		{4FF1293D-39C0-42B2-9CB1-F5DCB2A35096}.Debug|Any CPU.Build.0 = Debug|Any CPU
		{4FF1293D-39C0-42B2-9CB1-F5DCB2A35096}.Release|Any CPU.ActiveCfg = Release|Any CPU
		{4FF1293D-39C0-42B2-9CB1-F5DCB2A35096}.Release|Any CPU.Build.0 = Release|Any CPU
		{5B74B98A-D279-4568-8CF0-63261B5FF57C}.Debug|Any CPU.ActiveCfg = Debug|Any CPU
		{5B74B98A-D279-4568-8CF0-63261B5FF57C}.Debug|Any CPU.Build.0 = Debug|Any CPU
		{5B74B98A-D279-4568-8CF0-63261B5FF57C}.Release|Any CPU.ActiveCfg = Release|Any CPU
		{5B74B98A-D279-4568-8CF0-63261B5FF57C}.Release|Any CPU.Build.0 = Release|Any CPU
		{04BBBF01-10EE-4195-A80C-494782377DD9}.Debug|Any CPU.ActiveCfg = Debug|Any CPU
		{04BBBF01-10EE-4195-A80C-494782377DD9}.Debug|Any CPU.Build.0 = Debug|Any CPU
		{04BBBF01-10EE-4195-A80C-494782377DD9}.Release|Any CPU.ActiveCfg = Release|Any CPU
		{04BBBF01-10EE-4195-A80C-494782377DD9}.Release|Any CPU.Build.0 = Release|Any CPU
	EndGlobalSection
	GlobalSection(SolutionProperties) = preSolution
		HideSolutionNode = FALSE
	EndGlobalSection
	GlobalSection(ExtensibilityGlobals) = postSolution
		SolutionGuid = {2DFC33EB-331E-4B5C-AB07-9CD677B4311E}
	EndGlobalSection
EndGlobal
